
Microsoft Visual Studio Solution File, Format Version 12.00
# Visual Studio Version 17
VisualStudioVersion = 17.7.34031.279
MinimumVisualStudioVersion = 10.0.40219.1
Project("{54A90642-561A-4BB1-A94E-469ADEE60C69}") = "autoshop", "Autoshop\autoshop.esproj", "{81D0F074-006F-4547-8DBB-91F4DCED6AB4}"
EndProject
Global
	GlobalSection(SolutionConfigurationPlatforms) = preSolution
		Debug|Any CPU = Debug|Any CPU
		Release|Any CPU = Release|Any CPU
	EndGlobalSection
	GlobalSection(ProjectConfigurationPlatforms) = postSolution
		{81D0F074-006F-4547-8DBB-91F4DCED6AB4}.Debug|Any CPU.ActiveCfg = Debug|Any CPU
		{81D0F074-006F-4547-8DBB-91F4DCED6AB4}.Debug|Any CPU.Build.0 = Debug|Any CPU
		{81D0F074-006F-4547-8DBB-91F4DCED6AB4}.Debug|Any CPU.Deploy.0 = Debug|Any CPU
		{81D0F074-006F-4547-8DBB-91F4DCED6AB4}.Release|Any CPU.ActiveCfg = Release|Any CPU
		{81D0F074-006F-4547-8DBB-91F4DCED6AB4}.Release|Any CPU.Build.0 = Release|Any CPU
		{81D0F074-006F-4547-8DBB-91F4DCED6AB4}.Release|Any CPU.Deploy.0 = Release|Any CPU
	EndGlobalSection
	GlobalSection(SolutionProperties) = preSolution
		HideSolutionNode = FALSE
	EndGlobalSection
	GlobalSection(ExtensibilityGlobals) = postSolution
		SolutionGuid = {97028955-EF90-4B93-99FD-7EE8195E3A49}
	EndGlobalSection
EndGlobal
